github.com/pyke369/golang-support v0.0.0-20230108182845-9fe2fa61d8f6 h1:F76ajQ+Rq3bLrUZnBYdAJ20MjQRQk0HLMjHtvgJJu/U=
github.com/pyke369/golang-support v0.0.0-20230108182845-9fe2fa61d8f6/go.mod h1:86DUae4wbzSq5Zaoh8ufyM0br8ZEm8o5QrmEiOqg7eM=
golang.org/x/net v0.5.0 h1:GyT4nK/YDHSqa1c4753ouYCDajOYKTja9Xb/OHtgvSw=
golang.org/x/net v0.5.0/go.mod h1:DivGGAXEgPSlEBzxGzZI+ZLohi+xUj054jfeKui00ws=
golang.org/x/text v0.6.0 h1:3XmdazWV+ubf7QgHSTWeykHOci5oeekaGJBLkrkaw4k=
golang.org/x/text v0.6.0/go.mod h1:mrYo+phRRbMaCq/xk9113O4dZlRixOauAjOtrjsXDZ8=
